
Microsoft Visual Studio Solution File, Format Version 12.00
# Visual Studio 14
VisualStudioVersion = 14.0.23107.0
MinimumVisualStudioVersion = 10.0.40219.1
Project("{FAE04EC0-301F-11D3-BF4B-00C04F79EFBC}") = "QRyptoWire.Service.Api", "QRyptoWire.Service\QRyptoWire.Service.Api.csproj", "{929D2E8F-085F-4C64-B00C-E47A66EE9255}"
	ProjectSection(ProjectDependencies) = postProject
		{5AB86816-0865-423D-B588-805AFA641CA7} = {5AB86816-0865-423D-B588-805AFA641CA7}
		{B5F4AD9D-ECA8-42E8-9C3C-3DF40ECD5640} = {B5F4AD9D-ECA8-42E8-9C3C-3DF40ECD5640}
		{0889FBF7-D8F7-41C0-82E2-074F050D0AE1} = {0889FBF7-D8F7-41C0-82E2-074F050D0AE1}
	EndProjectSection
EndProject
Project("{FAE04EC0-301F-11D3-BF4B-00C04F79EFBC}") = "QRyptoWire.Service.Data", "QRyptoWire.Data\QRyptoWire.Service.Data.csproj", "{0889FBF7-D8F7-41C0-82E2-074F050D0AE1}"
EndProject
Project("{FAE04EC0-301F-11D3-BF4B-00C04F79EFBC}") = "QRyptoWire.Service.Core", "QRyptoWire.ApiCore\QRyptoWire.Service.Core.csproj", "{B5F4AD9D-ECA8-42E8-9C3C-3DF40ECD5640}"
	ProjectSection(ProjectDependencies) = postProject
		{5AB86816-0865-423D-B588-805AFA641CA7} = {5AB86816-0865-423D-B588-805AFA641CA7}
		{0889FBF7-D8F7-41C0-82E2-074F050D0AE1} = {0889FBF7-D8F7-41C0-82E2-074F050D0AE1}
	EndProjectSection
EndProject
Project("{FAE04EC0-301F-11D3-BF4B-00C04F79EFBC}") = "QRyptoWire.Shared", "QRyptoWire.Shared\QRyptoWire.Shared.csproj", "{5AB86816-0865-423D-B588-805AFA641CA7}"
EndProject
Global
	GlobalSection(SolutionConfigurationPlatforms) = preSolution
		Debug|Any CPU = Debug|Any CPU
		Release|Any CPU = Release|Any CPU
	EndGlobalSection
	GlobalSection(ProjectConfigurationPlatforms) = postSolution
		{929D2E8F-085F-4C64-B00C-E47A66EE9255}.Debug|Any CPU.ActiveCfg = Debug|Any CPU
		{929D2E8F-085F-4C64-B00C-E47A66EE9255}.Debug|Any CPU.Build.0 = Debug|Any CPU
		{929D2E8F-085F-4C64-B00C-E47A66EE9255}.Release|Any CPU.ActiveCfg = Release|Any CPU
		{929D2E8F-085F-4C64-B00C-E47A66EE9255}.Release|Any CPU.Build.0 = Release|Any CPU
		{0889FBF7-D8F7-41C0-82E2-074F050D0AE1}.Debug|Any CPU.ActiveCfg = Debug|Any CPU
		{0889FBF7-D8F7-41C0-82E2-074F050D0AE1}.Debug|Any CPU.Build.0 = Debug|Any CPU
		{0889FBF7-D8F7-41C0-82E2-074F050D0AE1}.Release|Any CPU.ActiveCfg = Release|Any CPU
		{0889FBF7-D8F7-41C0-82E2-074F050D0AE1}.Release|Any CPU.Build.0 = Release|Any CPU
		{B5F4AD9D-ECA8-42E8-9C3C-3DF40ECD5640}.Debug|Any CPU.ActiveCfg = Debug|Any CPU
		{B5F4AD9D-ECA8-42E8-9C3C-3DF40ECD5640}.Debug|Any CPU.Build.0 = Debug|Any CPU
		{B5F4AD9D-ECA8-42E8-9C3C-3DF40ECD5640}.Release|Any CPU.ActiveCfg = Release|Any CPU
		{B5F4AD9D-ECA8-42E8-9C3C-3DF40ECD5640}.Release|Any CPU.Build.0 = Release|Any CPU
		{5AB86816-0865-423D-B588-805AFA641CA7}.Debug|Any CPU.ActiveCfg = Debug|Any CPU
		{5AB86816-0865-423D-B588-805AFA641CA7}.Debug|Any CPU.Build.0 = Debug|Any CPU
		{5AB86816-0865-423D-B588-805AFA641CA7}.Release|Any CPU.ActiveCfg = Release|Any CPU
		{5AB86816-0865-423D-B588-805AFA641CA7}.Release|Any CPU.Build.0 = Release|Any CPU
	EndGlobalSection
	GlobalSection(SolutionProperties) = preSolution
		HideSolutionNode = FALSE
	EndGlobalSection
EndGlobal
